
Microsoft Visual Studio Solution File, Format Version 12.00
# Visual Studio Version 17
VisualStudioVersion = 17.9.34701.34
MinimumVisualStudioVersion = 10.0.40219.1
Project("{FAE04EC0-301F-11D3-BF4B-00C04F79EFBC}") = "MonoFallGame2D", "MonoFallGame2D\MonoFallGame2D.csproj", "{F32CE969-54D9-449C-8DDE-209E33505492}"
EndProject
Global
	GlobalSection(SolutionConfigurationPlatforms) = preSolution
		Debug|Any CPU = Debug|Any CPU
		Release|Any CPU = Release|Any CPU
	EndGlobalSection
	GlobalSection(ProjectConfigurationPlatforms) = postSolution
		{F32CE969-54D9-449C-8DDE-209E33505492}.Debug|Any CPU.ActiveCfg = Debug|Any CPU
		{F32CE969-54D9-449C-8DDE-209E33505492}.Debug|Any CPU.Build.0 = Debug|Any CPU
		{F32CE969-54D9-449C-8DDE-209E33505492}.Release|Any CPU.ActiveCfg = Release|Any CPU
		{F32CE969-54D9-449C-8DDE-209E33505492}.Release|Any CPU.Build.0 = Release|Any CPU
	EndGlobalSection
	GlobalSection(SolutionProperties) = preSolution
		HideSolutionNode = FALSE
	EndGlobalSection
	GlobalSection(ExtensibilityGlobals) = postSolution
		SolutionGuid = {50D00ADA-5BA8-4640-8680-826D684D8C78}
	EndGlobalSection
EndGlobal
